{
    "_readme": [
        "This file locks the dependencies of your project to a known state",
        "Read more about it at https://getcomposer.org/doc/01-basic-usage.md#composer-lock-the-lock-file",
        "This file is @generated automatically"
    ],
    "hash": "c579cb7760461b9fa4915a3668685599",
    "content-hash": "05477f6e189f008681f4e69c3d430875",
    "packages": [],
    "packages-dev": [
        {
            "name": "clue/graph",
            "version": "v0.9.0",
            "source": {
                "type": "git",
                "url": "https://github.com/clue/graph.git",
                "reference": "0336a4d5229fa61a20ccceaeab25e52ac9542700"
            },
            "dist": {
                "type": "zip",
                "url": "https://api.github.com/repos/clue/graph/zipball/0336a4d5229fa61a20ccceaeab25e52ac9542700",
                "reference": "0336a4d5229fa61a20ccceaeab25e52ac9542700",
                "shasum": ""
            },
            "require": {
                "php": ">=5.3.0"
            },
            "require-dev": {
                "phpunit/phpunit": "~4.0"
            },
            "suggest": {
                "graphp/algorithms": "Common graph algorithms, such as Dijkstra and Moore-Bellman-Ford (shortest path), minimum spanning tree (MST), Kruskal, Prim and many more..",
                "graphp/graphviz": "GraphViz graph drawing / DOT output"
            },
            "type": "library",
            "autoload": {
                "psr-4": {
                    "Fhaculty\\Graph\\": "src/"
                }
            },
            "notification-url": "https://packagist.org/downloads/",
            "license": [
                "MIT"
            ],
            "description": "A mathematical graph/network library written in PHP",
            "homepage": "https://github.com/clue/graph",
            "keywords": [
                "edge",
                "graph",
                "mathematical",
                "network",
                "vertex"
            ],
            "time": "2015-03-07 18:11:31"
        },
        {
            "name": "elevenpaths/latch-sdk-php",
            "version": "dev-master",
            "source": {
                "type": "git",
                "url": "https://github.com/sascocl/latch-sdk-php.git",
                "reference": "246e187d94970118bd0838747d640707c4171a60"
            },
            "dist": {
                "type": "zip",
                "url": "https://api.github.com/repos/sascocl/latch-sdk-php/zipball/246e187d94970118bd0838747d640707c4171a60",
                "reference": "246e187d94970118bd0838747d640707c4171a60",
                "shasum": ""
            },
            "require": {
                "php": ">=5.3.0"
            },
            "type": "library",
            "autoload": {
                "psr-4": {
                    "ElevenPaths\\Latch\\": "lib/"
                }
            },
            "notification-url": "https://packagist.org/downloads/",
            "license": [
                "LGPL-2.1+"
            ],
            "authors": [
                {
                    "name": "ElevenPaths",
                    "email": "elevenpaths@elevenpaths.com"
                }
            ],
            "description": "Latch SDK PHP",
            "keywords": [
                "api",
                "latch",
                "php",
                "security"
            ],
            "time": "2016-01-16 04:54:55"
        },
        {
            "name": "google/recaptcha",
            "version": "1.1.2",
            "source": {
                "type": "git",
                "url": "https://github.com/google/recaptcha.git",
                "reference": "2b7e00566afca82a38a1d3adb8e42c118006296e"
            },
            "dist": {
                "type": "zip",
                "url": "https://api.github.com/repos/google/recaptcha/zipball/2b7e00566afca82a38a1d3adb8e42c118006296e",
                "reference": "2b7e00566afca82a38a1d3adb8e42c118006296e",
                "shasum": ""
            },
            "require": {
                "php": ">=5.3.2"
            },
            "require-dev": {
                "phpunit/phpunit": "4.5.*"
            },
            "type": "library",
            "extra": {
                "branch-alias": {
                    "dev-master": "1.1.x-dev"
                }
            },
            "autoload": {
                "psr-4": {
                    "ReCaptcha\\": "src/ReCaptcha"
                }
            },
            "notification-url": "https://packagist.org/downloads/",
            "license": [
                "BSD-3-Clause"
            ],
            "description": "Client library for reCAPTCHA, a free service that protect websites from spam and abuse.",
            "homepage": "http://www.google.com/recaptcha/",
            "keywords": [
                "Abuse",
                "captcha",
                "recaptcha",
                "spam"
            ],
            "time": "2015-09-02 17:23:59"
        },
        {
            "name": "graphp/algorithms",
            "version": "v0.8.1",
            "source": {
                "type": "git",
                "url": "https://github.com/graphp/algorithms.git",
                "reference": "81db4049c35730767ec8f97fb5c4844234b86cef"
            },
            "dist": {
                "type": "zip",
                "url": "https://api.github.com/repos/graphp/algorithms/zipball/81db4049c35730767ec8f97fb5c4844234b86cef",
                "reference": "81db4049c35730767ec8f97fb5c4844234b86cef",
                "shasum": ""
            },
            "require": {
                "clue/graph": "~0.9.0|~0.8.0",
                "php": ">=5.3"
            },
            "require-dev": {
                "phpunit/phpunit": "~4.0"
            },
            "type": "library",
            "autoload": {
                "psr-4": {
                    "Graphp\\Algorithms\\": "src/"
                }
            },
            "notification-url": "https://packagist.org/downloads/",
            "license": [
                "MIT"
            ],
            "authors": [
                {
                    "name": "Christian Lück",
                    "email": "christian@lueck.tv"
                }
            ],
            "description": "Common mathematical graph algorithms",
            "homepage": "https://github.com/graphp/algorithms",
            "keywords": [
                "Graph algorithms",
                "dijkstra",
                "kruskal",
                "minimum spanning tree",
                "moore-bellman-ford",
                "prim",
                "shortest path"
            ],
            "time": "2015-03-08 10:12:01"
        },
        {
            "name": "graphp/graphviz",
            "version": "v0.2.1",
            "source": {
                "type": "git",
                "url": "https://github.com/graphp/graphviz.git",
                "reference": "2676522dfcd907fd3cb52891ea64a052c4ac4c2a"
            },
            "dist": {
                "type": "zip",
                "url": "https://api.github.com/repos/graphp/graphviz/zipball/2676522dfcd907fd3cb52891ea64a052c4ac4c2a",
                "reference": "2676522dfcd907fd3cb52891ea64a052c4ac4c2a",
                "shasum": ""
            },
            "require": {
                "clue/graph": "~0.9.0|~0.8.0",
                "graphp/algorithms": "~0.8.0",
                "php": ">=5.3.0"
            },
            "require-dev": {
                "phpunit/phpunit": "~4.0"
            },
            "type": "library",
            "autoload": {
                "psr-4": {
                    "Graphp\\GraphViz\\": "src/"
                }
            },
            "notification-url": "https://packagist.org/downloads/",
            "license": [
                "MIT"
            ],
            "description": "GraphViz graph drawing for mathematical graph/network",
            "homepage": "https://github.com/graphp/graphviz",
            "keywords": [
                "dot output",
                "graph drawing",
                "graph image",
                "graphviz"
            ],
            "time": "2015-03-08 10:30:28"
        },
        {
            "name": "lapinator.net/ods-php-generator",
            "version": "dev-master",
            "source": {
                "type": "git",
                "url": "https://github.com/sascocl/odsPhpGenerator.git",
                "reference": "2eae349d24622f3d36e9ae12edad9e1d4932a82c"
            },
            "dist": {
                "type": "zip",
                "url": "https://api.github.com/repos/sascocl/odsPhpGenerator/zipball/2eae349d24622f3d36e9ae12edad9e1d4932a82c",
                "reference": "2eae349d24622f3d36e9ae12edad9e1d4932a82c",
                "shasum": ""
            },
            "require": {
                "php": ">=5.0"
            },
            "type": "library",
            "autoload": {
                "classmap": [
                    "class/",
                    "ods.php"
                ]
            },
            "notification-url": "https://packagist.org/downloads/",
            "license": [
                "LGPL-3.0"
            ],
            "authors": [
                {
                    "name": "Laurent VUIBERT",
                    "homepage": "http://odsphpgenerator.lapinator.net/",
                    "role": "Developer"
                }
            ],
            "description": "The ods file generator in php",
            "time": "2016-01-18 01:58:09"
        },
        {
            "name": "libchart/libchart",
            "version": "1.4.0",
            "source": {
                "type": "git",
                "url": "https://github.com/astehlik/libchart.git",
                "reference": "0be2ff6d3466e17838229780520b65e6a1a5ebdf"
            },
            "dist": {
                "type": "zip",
                "url": "https://api.github.com/repos/astehlik/libchart/zipball/0be2ff6d3466e17838229780520b65e6a1a5ebdf",
                "reference": "0be2ff6d3466e17838229780520b65e6a1a5ebdf",
                "shasum": ""
            },
            "type": "library",
            "autoload": {
                "psr-0": {
                    "Libchart\\": "libchart/"
                }
            },
            "notification-url": "https://packagist.org/downloads/",
            "license": [
                "GPL-3.0"
            ],
            "authors": [
                {
                    "name": "Jean-Marc Trémeaux",
                    "homepage": "http://naku.dohcrew.com/",
                    "role": "Developer"
                },
                {
                    "name": "Alexander Stehlik",
                    "role": "Developer"
                }
            ],
            "description": "Simple PHP chart drawing library",
            "homepage": "http://naku.dohcrew.com/libchart/pages/introduction/",
            "keywords": [
                "bar charts",
                "chart",
                "charts",
                "line charts",
                "pie charts"
            ],
            "time": "2013-10-19 22:21:30"
        },
        {
            "name": "phpoffice/phpexcel",
            "version": "1.8.1",
            "source": {
                "type": "git",
                "url": "https://github.com/PHPOffice/PHPExcel.git",
                "reference": "372c7cbb695a6f6f1e62649381aeaa37e7e70b32"
            },
            "dist": {
                "type": "zip",
                "url": "https://api.github.com/repos/PHPOffice/PHPExcel/zipball/372c7cbb695a6f6f1e62649381aeaa37e7e70b32",
                "reference": "372c7cbb695a6f6f1e62649381aeaa37e7e70b32",
                "shasum": ""
            },
            "require": {
                "ext-xml": "*",
                "ext-xmlwriter": "*",
                "php": ">=5.2.0"
            },
            "type": "library",
            "autoload": {
                "psr-0": {
                    "PHPExcel": "Classes/"
                }
            },
            "notification-url": "https://packagist.org/downloads/",
            "license": [
                "LGPL"
            ],
            "authors": [
                {
                    "name": "Maarten Balliauw",
                    "homepage": "http://blog.maartenballiauw.be"
                },
                {
                    "name": "Mark Baker"
                },
                {
                    "name": "Franck Lefevre",
                    "homepage": "http://blog.rootslabs.net"
                },
                {
                    "name": "Erik Tilt"
                }
            ],
            "description": "PHPExcel - OpenXML - Read, Create and Write Spreadsheet documents in PHP - Spreadsheet engine",
            "homepage": "http://phpexcel.codeplex.com",
            "keywords": [
                "OpenXML",
                "excel",
                "php",
                "spreadsheet",
                "xls",
                "xlsx"
            ],
            "time": "2015-05-01 07:00:55"
        },
        {
            "name": "sowerphp/app",
            "version": "dev-master",
            "source": {
                "type": "git",
                "url": "https://github.com/SowerPHP/extension-app.git",
                "reference": "5d209d07e0107d4faede54604d2d08722fec6757"
            },
            "dist": {
                "type": "zip",
                "url": "https://api.github.com/repos/SowerPHP/extension-app/zipball/5d209d07e0107d4faede54604d2d08722fec6757",
                "reference": "5d209d07e0107d4faede54604d2d08722fec6757",
                "shasum": ""
            },
            "require": {
                "elevenpaths/latch-sdk-php": "dev-master",
                "google/recaptcha": "1.1.2",
                "php": ">=5.5"
            },
            "type": "library",
            "notification-url": "https://packagist.org/downloads/",
            "license": [
                "AGPL-3.0+"
            ],
            "authors": [
                {
                    "name": "Equipo de SowerPHP",
                    "homepage": "https://github.com/sowerphp/extension-app/graphs/contributors"
                }
            ],
            "description": "Extensión app",
            "homepage": "http://sowerphp.org",
            "keywords": [
                "extension",
                "sowerphp"
            ],
            "time": "2017-06-11 07:40:07"
        },
        {
            "name": "sowerphp/general",
            "version": "dev-master",
            "source": {
                "type": "git",
                "url": "https://github.com/SowerPHP/extension-general.git",
                "reference": "a8fc2e374df6f18d1a6b2b41d48149abccaa588c"
            },
            "dist": {
                "type": "zip",
                "url": "https://api.github.com/repos/SowerPHP/extension-general/zipball/a8fc2e374df6f18d1a6b2b41d48149abccaa588c",
                "reference": "a8fc2e374df6f18d1a6b2b41d48149abccaa588c",
                "shasum": ""
            },
            "require": {
                "clue/graph": "~0.9.0",
                "graphp/graphviz": "~0.2.0",
                "lapinator.net/ods-php-generator": "dev-master",
                "libchart/libchart": "1.4.0",
                "php": ">=5.5",
                "phpoffice/phpexcel": "1.8.1",
                "tecnickcom/tcpdf": "6.2.12"
            },
            "type": "library",
            "notification-url": "https://packagist.org/downloads/",
            "license": [
                "AGPL-3.0+"
            ],
            "authors": [
                {
                    "name": "Equipo de SowerPHP",
                    "homepage": "https://github.com/sowerphp/extension-general/graphs/contributors"
                }
            ],
            "description": "Extensión general",
            "homepage": "http://sowerphp.org",
            "keywords": [
                "extension",
                "sowerphp"
            ],
            "time": "2017-04-05 05:27:42"
        },
        {
            "name": "tecnickcom/tcpdf",
            "version": "6.2.12",
            "source": {
                "type": "git",
                "url": "https://github.com/tecnickcom/TCPDF.git",
                "reference": "2f732eaa91b5665274689b1d40b285a7bacdc37f"
            },
            "dist": {
                "type": "zip",
                "url": "https://api.github.com/repos/tecnickcom/TCPDF/zipball/2f732eaa91b5665274689b1d40b285a7bacdc37f",
                "reference": "2f732eaa91b5665274689b1d40b285a7bacdc37f",
                "shasum": ""
            },
            "require": {
                "php": ">=5.3.0"
            },
            "type": "library",
            "autoload": {
                "classmap": [
                    "fonts",
                    "config",
                    "include",
                    "tcpdf.php",
                    "tcpdf_parser.php",
                    "tcpdf_import.php",
                    "tcpdf_barcodes_1d.php",
                    "tcpdf_barcodes_2d.php",
                    "include/tcpdf_colors.php",
                    "include/tcpdf_filters.php",
                    "include/tcpdf_font_data.php",
                    "include/tcpdf_fonts.php",
                    "include/tcpdf_images.php",
                    "include/tcpdf_static.php",
                    "include/barcodes/datamatrix.php",
                    "include/barcodes/pdf417.php",
                    "include/barcodes/qrcode.php"
                ]
            },
            "notification-url": "https://packagist.org/downloads/",
            "license": [
                "LGPLv3"
            ],
            "authors": [
                {
                    "name": "Nicola Asuni",
                    "email": "info@tecnick.com",
                    "homepage": "http://nicolaasuni.tecnick.com"
                }
            ],
            "description": "TCPDF is a PHP class for generating PDF documents and barcodes.",
            "homepage": "http://www.tcpdf.org/",
            "keywords": [
                "PDFD32000-2008",
                "TCPDF",
                "barcodes",
                "datamatrix",
                "pdf",
                "pdf417",
                "qrcode"
            ],
            "time": "2015-09-12 10:08:34"
        }
    ],
    "aliases": [],
    "minimum-stability": "dev",
    "stability-flags": {
        "sowerphp/app": 20,
        "sowerphp/general": 20
    },
    "prefer-stable": false,
    "prefer-lowest": false,
    "platform": {
        "php": ">=5.5"
    },
    "platform-dev": []
}
